
Microsoft Visual Studio Solution File, Format Version 12.00
# Visual Studio Version 17
VisualStudioVersion = 17.6.33829.357
MinimumVisualStudioVersion = 10.0.40219.1
Project("{FAE04EC0-301F-11D3-BF4B-00C04F79EFBC}") = "CATightlyVsLooselyCoupled", "CATightlyVsLooselyCoupled\CATightlyVsLooselyCoupled.csproj", "{A77571F1-2D24-41F7-AE24-BF5A71E01172}"
EndProject
Global
	GlobalSection(SolutionConfigurationPlatforms) = preSolution
		Debug|Any CPU = Debug|Any CPU
		Release|Any CPU = Release|Any CPU
	EndGlobalSection
	GlobalSection(ProjectConfigurationPlatforms) = postSolution
		{A77571F1-2D24-41F7-AE24-BF5A71E01172}.Debug|Any CPU.ActiveCfg = Debug|Any CPU
		{A77571F1-2D24-41F7-AE24-BF5A71E01172}.Debug|Any CPU.Build.0 = Debug|Any CPU
		{A77571F1-2D24-41F7-AE24-BF5A71E01172}.Release|Any CPU.ActiveCfg = Release|Any CPU
		{A77571F1-2D24-41F7-AE24-BF5A71E01172}.Release|Any CPU.Build.0 = Release|Any CPU
	EndGlobalSection
	GlobalSection(SolutionProperties) = preSolution
		HideSolutionNode = FALSE
	EndGlobalSection
	GlobalSection(ExtensibilityGlobals) = postSolution
		SolutionGuid = {62AF8D17-AB57-4206-93E5-34ED62D7CD37}
	EndGlobalSection
EndGlobal
